// !$*UTF8*$!
{
	archiveVersion = 1;
	classes = {
	};
	objectVersion = 46;
	objects = {

/* Begin PBXBuildFile section */
		844E96ED1977B0290063FFD7 /* Foundation.framework in Frameworks */ = {isa = PBXBuildFile; fileRef = 844E96EC1977B0290063FFD7 /* Foundation.framework */; };
		844E96EF1977B0290063FFD7 /* CoreGraphics.framework in Frameworks */ = {isa = PBXBuildFile; fileRef = 844E96EE1977B0290063FFD7 /* CoreGraphics.framework */; };
		844E96F11977B0290063FFD7 /* UIKit.framework in Frameworks */ = {isa = PBXBuildFile; fileRef = 844E96F01977B0290063FFD7 /* UIKit.framework */; };
		844E96F71977B02B0063FFD7 /* InfoPlist.strings in Resources */ = {isa = PBXBuildFile; fileRef = 844E96F51977B02B0063FFD7 /* InfoPlist.strings */; };
		844E96F91977B02C0063FFD7 /* main.m in Sources */ = {isa = PBXBuildFile; fileRef = 844E96F81977B02C0063FFD7 /* main.m */; };
		844E96FD1977B02D0063FFD7 /* SRAppDelegate.m in Sources */ = {isa = PBXBuildFile; fileRef = 844E96FC1977B02D0063FFD7 /* SRAppDelegate.m */; };
		844E96FF1977B02E0063FFD7 /* Images.xcassets in Resources */ = {isa = PBXBuildFile; fileRef = 844E96FE1977B02E0063FFD7 /* Images.xcassets */; };
		844E97061977B02F0063FFD7 /* XCTest.framework in Frameworks */ = {isa = PBXBuildFile; fileRef = 844E97051977B02F0063FFD7 /* XCTest.framework */; };
		844E97071977B02F0063FFD7 /* Foundation.framework in Frameworks */ = {isa = PBXBuildFile; fileRef = 844E96EC1977B0290063FFD7 /* Foundation.framework */; };
		844E97081977B02F0063FFD7 /* UIKit.framework in Frameworks */ = {isa = PBXBuildFile; fileRef = 844E96F01977B0290063FFD7 /* UIKit.framework */; };
		844E97101977B02F0063FFD7 /* InfoPlist.strings in Resources */ = {isa = PBXBuildFile; fileRef = 844E970E1977B02F0063FFD7 /* InfoPlist.strings */; };
		844E97121977B02F0063FFD7 /* Telegram_AppTests.m in Sources */ = {isa = PBXBuildFile; fileRef = 844E97111977B02F0063FFD7 /* Telegram_AppTests.m */; };
/* End PBXBuildFile section */

/* Begin PBXContainerItemProxy section */
		844E97091977B02F0063FFD7 /* PBXContainerItemProxy */ = {
			isa = PBXContainerItemProxy;
			containerPortal = 844E96E11977B0270063FFD7 /* Project object */;
			proxyType = 1;
			remoteGlobalIDString = 844E96E81977B0290063FFD7;
			remoteInfo = "Telegram App";
		};
/* End PBXContainerItemProxy section */

/* Begin PBXFileReference section */
		844E96E91977B0290063FFD7 /* Telegram App.app */ = {isa = PBXFileReference; explicitFileType = wrapper.application; includeInIndex = 0; path = "Telegram App.app"; sourceTree = BUILT_PRODUCTS_DIR; };
		844E96EC1977B0290063FFD7 /* Foundation.framework */ = {isa = PBXFileReference; lastKnownFileType = wrapper.framework; name = Foundation.framework; path = System/Library/Frameworks/Foundation.framework; sourceTree = SDKROOT; };
		844E96EE1977B0290063FFD7 /* CoreGraphics.framework */ = {isa = PBXFileReference; lastKnownFileType = wrapper.framework; name = CoreGraphics.framework; path = System/Library/Frameworks/CoreGraphics.framework; sourceTree = SDKROOT; };
		844E96F01977B0290063FFD7 /* UIKit.framework */ = {isa = PBXFileReference; lastKnownFileType = wrapper.framework; name = UIKit.framework; path = System/Library/Frameworks/UIKit.framework; sourceTree = SDKROOT; };
		844E96F41977B02A0063FFD7 /* Telegram App-Info.plist */ = {isa = PBXFileReference; lastKnownFileType = text.plist.xml; path = "Telegram App-Info.plist"; sourceTree = "<group>"; };
		844E96F61977B02B0063FFD7 /* en */ = {isa = PBXFileReference; lastKnownFileType = text.plist.strings; name = en; path = en.lproj/InfoPlist.strings; sourceTree = "<group>"; };
		844E96F81977B02C0063FFD7 /* main.m */ = {isa = PBXFileReference; lastKnownFileType = sourcecode.c.objc; path = main.m; sourceTree = "<group>"; };
		844E96FA1977B02C0063FFD7 /* Telegram App-Prefix.pch */ = {isa = PBXFileReference; lastKnownFileType = sourcecode.c.h; path = "Telegram App-Prefix.pch"; sourceTree = "<group>"; };
		844E96FB1977B02C0063FFD7 /* SRAppDelegate.h */ = {isa = PBXFileReference; lastKnownFileType = sourcecode.c.h; path = SRAppDelegate.h; sourceTree = "<group>"; };
		844E96FC1977B02D0063FFD7 /* SRAppDelegate.m */ = {isa = PBXFileReference; lastKnownFileType = sourcecode.c.objc; path = SRAppDelegate.m; sourceTree = "<group>"; };
		844E96FE1977B02E0063FFD7 /* Images.xcassets */ = {isa = PBXFileReference; lastKnownFileType = folder.assetcatalog; path = Images.xcassets; sourceTree = "<group>"; };
		844E97041977B02F0063FFD7 /* Telegram AppTests.xctest */ = {isa = PBXFileReference; explicitFileType = wrapper.cfbundle; includeInIndex = 0; path = "Telegram AppTests.xctest"; sourceTree = BUILT_PRODUCTS_DIR; };
		844E97051977B02F0063FFD7 /* XCTest.framework */ = {isa = PBXFileReference; lastKnownFileType = wrapper.framework; name = XCTest.framework; path = Library/Frameworks/XCTest.framework; sourceTree = DEVELOPER_DIR; };
		844E970D1977B02F0063FFD7 /* Telegram AppTests-Info.plist */ = {isa = PBXFileReference; lastKnownFileType = text.plist.xml; path = "Telegram AppTests-Info.plist"; sourceTree = "<group>"; };
		844E970F1977B02F0063FFD7 /* en */ = {isa = PBXFileReference; lastKnownFileType = text.plist.strings; name = en; path = en.lproj/InfoPlist.strings; sourceTree = "<group>"; };
		844E97111977B02F0063FFD7 /* Telegram_AppTests.m */ = {isa = PBXFileReference; lastKnownFileType = sourcecode.c.objc; path = Telegram_AppTests.m; sourceTree = "<group>"; };
/* End PBXFileReference section */

/* Begin PBXFrameworksBuildPhase section */
		844E96E61977B0290063FFD7 /* Frameworks */ = {
			isa = PBXFrameworksBuildPhase;
			buildActionMask = 2147483647;
			files = (
				844E96EF1977B0290063FFD7 /* CoreGraphics.framework in Frameworks */,
				844E96F11977B0290063FFD7 /* UIKit.framework in Frameworks */,
				844E96ED1977B0290063FFD7 /* Foundation.framework in Frameworks */,
			);
			runOnlyForDeploymentPostprocessing = 0;
		};
		844E97011977B02F0063FFD7 /* Frameworks */ = {
			isa = PBXFrameworksBuildPhase;
			buildActionMask = 2147483647;
			files = (
				844E97061977B02F0063FFD7 /* XCTest.framework in Frameworks */,
				844E97081977B02F0063FFD7 /* UIKit.framework in Frameworks */,
				844E97071977B02F0063FFD7 /* Foundation.framework in Frameworks */,
			);
			runOnlyForDeploymentPostprocessing = 0;
		};
/* End PBXFrameworksBuildPhase section */

/* Begin PBXGroup section */
		844E96E01977B0270063FFD7 = {
			isa = PBXGroup;
			children = (
				844E96F21977B0290063FFD7 /* Telegram App */,
				844E970B1977B02F0063FFD7 /* Telegram AppTests */,
				844E96EB1977B0290063FFD7 /* Frameworks */,
				844E96EA1977B0290063FFD7 /* Products */,
			);
			sourceTree = "<group>";
		};
		844E96EA1977B0290063FFD7 /* Products */ = {
			isa = PBXGroup;
			children = (
				844E96E91977B0290063FFD7 /* Telegram App.app */,
				844E97041977B02F0063FFD7 /* Telegram AppTests.xctest */,
			);
			name = Products;
			sourceTree = "<group>";
		};
		844E96EB1977B0290063FFD7 /* Frameworks */ = {
			isa = PBXGroup;
			children = (
				844E96EC1977B0290063FFD7 /* Foundation.framework */,
				844E96EE1977B0290063FFD7 /* CoreGraphics.framework */,
				844E96F01977B0290063FFD7 /* UIKit.framework */,
				844E97051977B02F0063FFD7 /* XCTest.framework */,
			);
			name = Frameworks;
			sourceTree = "<group>";
		};
		844E96F21977B0290063FFD7 /* Telegram App */ = {
			isa = PBXGroup;
			children = (
				844E96FB1977B02C0063FFD7 /* SRAppDelegate.h */,
				844E96FC1977B02D0063FFD7 /* SRAppDelegate.m */,
				844E96FE1977B02E0063FFD7 /* Images.xcassets */,
				844E96F31977B02A0063FFD7 /* Supporting Files */,
			);
			path = "Telegram App";
			sourceTree = "<group>";
		};
		844E96F31977B02A0063FFD7 /* Supporting Files */ = {
			isa = PBXGroup;
			children = (
				844E96F41977B02A0063FFD7 /* Telegram App-Info.plist */,
				844E96F51977B02B0063FFD7 /* InfoPlist.strings */,
				844E96F81977B02C0063FFD7 /* main.m */,
				844E96FA1977B02C0063FFD7 /* Telegram App-Prefix.pch */,
			);
			name = "Supporting Files";
			sourceTree = "<group>";
		};
		844E970B1977B02F0063FFD7 /* Telegram AppTests */ = {
			isa = PBXGroup;
			children = (
				844E97111977B02F0063FFD7 /* Telegram_AppTests.m */,
				844E970C1977B02F0063FFD7 /* Supporting Files */,
			);
			path = "Telegram AppTests";
			sourceTree = "<group>";
		};
		844E970C1977B02F0063FFD7 /* Supporting Files */ = {
			isa = PBXGroup;
			children = (
				844E970D1977B02F0063FFD7 /* Telegram AppTests-Info.plist */,
				844E970E1977B02F0063FFD7 /* InfoPlist.strings */,
			);
			name = "Supporting Files";
			sourceTree = "<group>";
		};
/* End PBXGroup section */

/* Begin PBXNativeTarget section */
		844E96E81977B0290063FFD7 /* Telegram App */ = {
			isa = PBXNativeTarget;
			buildConfigurationList = 844E97151977B02F0063FFD7 /* Build configuration list for PBXNativeTarget "Telegram App" */;
			buildPhases = (
				844E96E51977B0290063FFD7 /* Sources */,
				844E96E61977B0290063FFD7 /* Frameworks */,
				844E96E71977B0290063FFD7 /* Resources */,
			);
			buildRules = (
			);
			dependencies = (
			);
			name = "Telegram App";
			productName = "Telegram App";
			productReference = 844E96E91977B0290063FFD7 /* Telegram App.app */;
			productType = "com.apple.product-type.application";
		};
		844E97031977B02F0063FFD7 /* Telegram AppTests */ = {
			isa = PBXNativeTarget;
			buildConfigurationList = 844E97181977B02F0063FFD7 /* Build configuration list for PBXNativeTarget "Telegram AppTests" */;
			buildPhases = (
				844E97001977B02F0063FFD7 /* Sources */,
				844E97011977B02F0063FFD7 /* Frameworks */,
				844E97021977B02F0063FFD7 /* Resources */,
			);
			buildRules = (
			);
			dependencies = (
				844E970A1977B02F0063FFD7 /* PBXTargetDependency */,
			);
			name = "Telegram AppTests";
			productName = "Telegram AppTests";
			productReference = 844E97041977B02F0063FFD7 /* Telegram AppTests.xctest */;
			productType = "com.apple.product-type.bundle.unit-test";
		};
/* End PBXNativeTarget section */

/* Begin PBXProject section */
		844E96E11977B0270063FFD7 /* Project object */ = {
			isa = PBXProject;
			attributes = {
				CLASSPREFIX = SR;
				LastUpgradeCheck = 0510;
				ORGANIZATIONNAME = "___FULLUSERNAME___";
				TargetAttributes = {
					844E97031977B02F0063FFD7 = {
						TestTargetID = 844E96E81977B0290063FFD7;
					};
				};
			};
			buildConfigurationList = 844E96E41977B0280063FFD7 /* Build configuration list for PBXProject "Telegram App" */;
			compatibilityVersion = "Xcode 3.2";
			developmentRegion = English;
			hasScannedForEncodings = 0;
			knownRegions = (
				en,
			);
			mainGroup = 844E96E01977B0270063FFD7;
			productRefGroup = 844E96EA1977B0290063FFD7 /* Products */;
			projectDirPath = "";
			projectRoot = "";
			targets = (
				844E96E81977B0290063FFD7 /* Telegram App */,
				844E97031977B02F0063FFD7 /* Telegram AppTests */,
			);
		};
/* End PBXProject section */

/* Begin PBXResourcesBuildPhase section */
		844E96E71977B0290063FFD7 /* Resources */ = {
			isa = PBXResourcesBuildPhase;
			buildActionMask = 2147483647;
			files = (
				844E96F71977B02B0063FFD7 /* InfoPlist.strings in Resources */,
				844E96FF1977B02E0063FFD7 /* Images.xcassets in Resources */,
			);
			runOnlyForDeploymentPostprocessing = 0;
		};
		844E97021977B02F0063FFD7 /* Resources */ = {
			isa = PBXResourcesBuildPhase;
			buildActionMask = 2147483647;
			files = (
				844E97101977B02F0063FFD7 /* InfoPlist.strings in Resources */,
			);
			runOnlyForDeploymentPostprocessing = 0;
		};
/* End PBXResourcesBuildPhase section */

/* Begin PBXSourcesBuildPhase section */
		844E96E51977B0290063FFD7 /* Sources */ = {
			isa = PBXSourcesBuildPhase;
			buildActionMask = 2147483647;
			files = (
				844E96F91977B02C0063FFD7 /* main.m in Sources */,
				844E96FD1977B02D0063FFD7 /* SRAppDelegate.m in Sources */,
			);
			runOnlyForDeploymentPostprocessing = 0;
		};
		844E97001977B02F0063FFD7 /* Sources */ = {
			isa = PBXSourcesBuildPhase;
			buildActionMask = 2147483647;
			files = (
				844E97121977B02F0063FFD7 /* Telegram_AppTests.m in Sources */,
			);
			runOnlyForDeploymentPostprocessing = 0;
		};
/* End PBXSourcesBuildPhase section */

/* Begin PBXTargetDependency section */
		844E970A1977B02F0063FFD7 /* PBXTargetDependency */ = {
			isa = PBXTargetDependency;
			target = 844E96E81977B0290063FFD7 /* Telegram App */;
			targetProxy = 844E97091977B02F0063FFD7 /* PBXContainerItemProxy */;
		};
/* End PBXTargetDependency section */

/* Begin PBXVariantGroup section */
		844E96F51977B02B0063FFD7 /* InfoPlist.strings */ = {
			isa = PBXVariantGroup;
			children = (
				844E96F61977B02B0063FFD7 /* en */,
			);
			name = InfoPlist.strings;
			sourceTree = "<group>";
		};
		844E970E1977B02F0063FFD7 /* InfoPlist.strings */ = {
			isa = PBXVariantGroup;
			children = (
				844E970F1977B02F0063FFD7 /* en */,
			);
			name = InfoPlist.strings;
			sourceTree = "<group>";
		};
/* End PBXVariantGroup section */

/* Begin XCBuildConfiguration section */
		844E97131977B02F0063FFD7 /* Debug */ = {
			isa = XCBuildConfiguration;
			buildSettings = {
				ALWAYS_SEARCH_USER_PATHS = NO;
				CLANG_CXX_LANGUAGE_STANDARD = "gnu++0x";
				CLANG_CXX_LIBRARY = "libc++";
				CLANG_ENABLE_MODULES = YES;
				CLANG_ENABLE_OBJC_ARC = YES;
				CLANG_WARN_BOOL_CONVERSION = YES;
				CLANG_WARN_CONSTANT_CONVERSION = YES;
				CLANG_WARN_DIRECT_OBJC_ISA_USAGE = YES_ERROR;
				CLANG_WARN_EMPTY_BODY = YES;
				CLANG_WARN_ENUM_CONVERSION = YES;
				CLANG_WARN_INT_CONVERSION = YES;
				CLANG_WARN_OBJC_ROOT_CLASS = YES_ERROR;
				CLANG_WARN__DUPLICATE_METHOD_MATCH = YES;
				"CODE_SIGN_IDENTITY[sdk=iphoneos*]" = "iPhone Developer";
				COPY_PHASE_STRIP = NO;
				GCC_C_LANGUAGE_STANDARD = gnu99;
				GCC_DYNAMIC_NO_PIC = NO;
				GCC_OPTIMIZATION_LEVEL = 0;
				GCC_PREPROCESSOR_DEFINITIONS = (
					"DEBUG=1",
					"$(inherited)",
				);
				GCC_SYMBOLS_PRIVATE_EXTERN = NO;
				GCC_WARN_64_TO_32_BIT_CONVERSION = YES;
				GCC_WARN_ABOUT_RETURN_TYPE = YES_ERROR;
				GCC_WARN_UNDECLARED_SELECTOR = YES;
				GCC_WARN_UNINITIALIZED_AUTOS = YES_AGGRESSIVE;
				GCC_WARN_UNUSED_FUNCTION = YES;
				GCC_WARN_UNUSED_VARIABLE = YES;
				IPHONEOS_DEPLOYMENT_TARGET = 7.1;
				ONLY_ACTIVE_ARCH = YES;
				SDKROOT = iphoneos;
			};
			name = Debug;
		};
		844E97141977B02F0063FFD7 /* Release */ = {
			isa = XCBuildConfiguration;
			buildSettings = {
				ALWAYS_SEARCH_USER_PATHS = NO;
				CLANG_CXX_LANGUAGE_STANDARD = "gnu++0x";
				CLANG_CXX_LIBRARY = "libc++";
				CLANG_ENABLE_MODULES = YES;
				CLANG_ENABLE_OBJC_ARC = YES;
				CLANG_WARN_BOOL_CONVERSION = YES;
				CLANG_WARN_CONSTANT_CONVERSION = YES;
				CLANG_WARN_DIRECT_OBJC_ISA_USAGE = YES_ERROR;
				CLANG_WARN_EMPTY_BODY = YES;
				CLANG_WARN_ENUM_CONVERSION = YES;
				CLANG_WARN_INT_CONVERSION = YES;
				CLANG_WARN_OBJC_ROOT_CLASS = YES_ERROR;
				CLANG_WARN__DUPLICATE_METHOD_MATCH = YES;
				"CODE_SIGN_IDENTITY[sdk=iphoneos*]" = "iPhone Developer";
				COPY_PHASE_STRIP = YES;
				ENABLE_NS_ASSERTIONS = NO;
				GCC_C_LANGUAGE_STANDARD = gnu99;
				GCC_WARN_64_TO_32_BIT_CONVERSION = YES;
				GCC_WARN_ABOUT_RETURN_TYPE = YES_ERROR;
				GCC_WARN_UNDECLARED_SELECTOR = YES;
				GCC_WARN_UNINITIALIZED_AUTOS = YES_AGGRESSIVE;
				GCC_WARN_UNUSED_FUNCTION = YES;
				GCC_WARN_UNUSED_VARIABLE = YES;
				IPHONEOS_DEPLOYMENT_TARGET = 7.1;
				SDKROOT = iphoneos;
				VALIDATE_PRODUCT = YES;
			};
			name = Release;
		};
		844E97161977B02F0063FFD7 /* Debug */ = {
			isa = XCBuildConfiguration;
			buildSettings = {
				ASSETCATALOG_COMPILER_APPICON_NAME = AppIcon;
				ASSETCATALOG_COMPILER_LAUNCHIMAGE_NAME = LaunchImage;
				GCC_PRECOMPILE_PREFIX_HEADER = YES;
				GCC_PREFIX_HEADER = "Telegram App/Telegram App-Prefix.pch";
				INFOPLIST_FILE = "Telegram App/Telegram App-Info.plist";
				PRODUCT_NAME = "$(TARGET_NAME)";
				WRAPPER_EXTENSION = app;
			};
			name = Debug;
		};
		844E97171977B02F0063FFD7 /* Release */ = {
			isa = XCBuildConfiguration;
			buildSettings = {
				ASSETCATALOG_COMPILER_APPICON_NAME = AppIcon;
				ASSETCATALOG_COMPILER_LAUNCHIMAGE_NAME = LaunchImage;
				GCC_PRECOMPILE_PREFIX_HEADER = YES;
				GCC_PREFIX_HEADER = "Telegram App/Telegram App-Prefix.pch";
				INFOPLIST_FILE = "Telegram App/Telegram App-Info.plist";
				PRODUCT_NAME = "$(TARGET_NAME)";
				WRAPPER_EXTENSION = app;
			};
			name = Release;
		};
		844E97191977B02F0063FFD7 /* Debug */ = {
			isa = XCBuildConfiguration;
			buildSettings = {
				BUNDLE_LOADER = "$(BUILT_PRODUCTS_DIR)/Telegram App.app/Telegram App";
				FRAMEWORK_SEARCH_PATHS = (
					"$(SDKROOT)/Developer/Library/Frameworks",
					"$(inherited)",
					"$(DEVELOPER_FRAMEWORKS_DIR)",
				);
				GCC_PRECOMPILE_PREFIX_HEADER = YES;
				GCC_PREFIX_HEADER = "Telegram App/Telegram App-Prefix.pch";
				GCC_PREPROCESSOR_DEFINITIONS = (
					"DEBUG=1",
					"$(inherited)",
				);
				INFOPLIST_FILE = "Telegram AppTests/Telegram AppTests-Info.plist";
				PRODUCT_NAME = "$(TARGET_NAME)";
				TEST_HOST = "$(BUNDLE_LOADER)";
				WRAPPER_EXTENSION = xctest;
			};
			name = Debug;
		};
		844E971A1977B02F0063FFD7 /* Release */ = {
			isa = XCBuildConfiguration;
			buildSettings = {
				BUNDLE_LOADER = "$(BUILT_PRODUCTS_DIR)/Telegram App.app/Telegram App";
				FRAMEWORK_SEARCH_PATHS = (
					"$(SDKROOT)/Developer/Library/Frameworks",
					"$(inherited)",
					"$(DEVELOPER_FRAMEWORKS_DIR)",
				);
				GCC_PRECOMPILE_PREFIX_HEADER = YES;
				GCC_PREFIX_HEADER = "Telegram App/Telegram App-Prefix.pch";
				INFOPLIST_FILE = "Telegram AppTests/Telegram AppTests-Info.plist";
				PRODUCT_NAME = "$(TARGET_NAME)";
				TEST_HOST = "$(BUNDLE_LOADER)";
				WRAPPER_EXTENSION = xctest;
			};
			name = Release;
		};
/* End XCBuildConfiguration section */

/* Begin XCConfigurationList section */
		844E96E41977B0280063FFD7 /* Build configuration list for PBXProject "Telegram App" */ = {
			isa = XCConfigurationList;
			buildConfigurations = (
				844E97131977B02F0063FFD7 /* Debug */,
				844E97141977B02F0063FFD7 /* Release */,
			);
			defaultConfigurationIsVisible = 0;
			defaultConfigurationName = Release;
		};
		844E97151977B02F0063FFD7 /* Build configuration list for PBXNativeTarget "Telegram App" */ = {
			isa = XCConfigurationList;
			buildConfigurations = (
				844E97161977B02F0063FFD7 /* Debug */,
				844E97171977B02F0063FFD7 /* Release */,
			);
			defaultConfigurationIsVisible = 0;
		};
		844E97181977B02F0063FFD7 /* Build configuration list for PBXNativeTarget "Telegram AppTests" */ = {
			isa = XCConfigurationList;
			buildConfigurations = (
				844E97191977B02F0063FFD7 /* Debug */,
				844E971A1977B02F0063FFD7 /* Release */,
			);
			defaultConfigurationIsVisible = 0;
		};
/* End XCConfigurationList section */
	};
	rootObject = 844E96E11977B0270063FFD7 /* Project object */;
}
